dependencies:
- name: postgresql
  repository: https://charts.bitnami.com/bitnami
  version: 11.9.11
- name: sish-client
  repository: https://aqaurius6666.github.io/helm-charts
  version: 0.6.0
digest: sha256:96f762e7ff33588c752e915e8312cbd4a054f05620a2a472d2caecc56cacb8bc
generated: "2022-11-07T21:41:19.899313+07:00"
